{
  "name": "websocketServer",
  "version": "1.0.0",
  "lockfileVersion": 1,
  "requires": true,
  "dependencies": {
    "ws": {
      "version": "7.2.3",
      "resolved": "https://registry.npm.taobao.org/ws/download/ws-7.2.3.tgz?cache=0&sync_timestamp=1583774941555&other_urls=https%3A%2F%2Fregistry.npm.taobao.org%2Fws%2Fdownload%2Fws-7.2.3.tgz",
      "integrity": "sha1-pUEeH7BNXtDv7nbSbVxG2DDDm0Y="
    }
  }
}
